
Microsoft Visual Studio Solution File, Format Version 12.00
# Visual Studio Version 16
VisualStudioVersion = 16.0.30114.105
MinimumVisualStudioVersion = 10.0.40219.1
Project("{FAE04EC0-301F-11D3-BF4B-00C04F79EFBC}") = "lab_1_wpf", "lab_1_wpf\lab_1_wpf.csproj", "{C8478D6E-FE98-4CB1-9716-A3A048E1D10F}"
EndProject
Global
	GlobalSection(SolutionConfigurationPlatforms) = preSolution
		Debug|Any CPU = Debug|Any CPU
		Release|Any CPU = Release|Any CPU
	EndGlobalSection
	GlobalSection(ProjectConfigurationPlatforms) = postSolution
		{C8478D6E-FE98-4CB1-9716-A3A048E1D10F}.Debug|Any CPU.ActiveCfg = Debug|Any CPU
		{C8478D6E-FE98-4CB1-9716-A3A048E1D10F}.Debug|Any CPU.Build.0 = Debug|Any CPU
		{C8478D6E-FE98-4CB1-9716-A3A048E1D10F}.Release|Any CPU.ActiveCfg = Release|Any CPU
		{C8478D6E-FE98-4CB1-9716-A3A048E1D10F}.Release|Any CPU.Build.0 = Release|Any CPU
	EndGlobalSection
	GlobalSection(SolutionProperties) = preSolution
		HideSolutionNode = FALSE
	EndGlobalSection
	GlobalSection(ExtensibilityGlobals) = postSolution
		SolutionGuid = {604F387D-45A6-47BE-A9C1-A57B2540E4EA}
	EndGlobalSection
EndGlobal
