
Microsoft Visual Studio Solution File, Format Version 12.00
# Visual Studio Version 16
VisualStudioVersion = 16.0.30114.105
MinimumVisualStudioVersion = 10.0.40219.1
Project("{FAE04EC0-301F-11D3-BF4B-00C04F79EFBC}") = "lab_2_types", "lab_2_types\lab_2_types.csproj", "{8BFE68F3-80C0-4956-B007-1E07566CF7FB}"
EndProject
Global
	GlobalSection(SolutionConfigurationPlatforms) = preSolution
		Debug|Any CPU = Debug|Any CPU
		Release|Any CPU = Release|Any CPU
	EndGlobalSection
	GlobalSection(ProjectConfigurationPlatforms) = postSolution
		{8BFE68F3-80C0-4956-B007-1E07566CF7FB}.Debug|Any CPU.ActiveCfg = Debug|Any CPU
		{8BFE68F3-80C0-4956-B007-1E07566CF7FB}.Debug|Any CPU.Build.0 = Debug|Any CPU
		{8BFE68F3-80C0-4956-B007-1E07566CF7FB}.Release|Any CPU.ActiveCfg = Release|Any CPU
		{8BFE68F3-80C0-4956-B007-1E07566CF7FB}.Release|Any CPU.Build.0 = Release|Any CPU
	EndGlobalSection
	GlobalSection(SolutionProperties) = preSolution
		HideSolutionNode = FALSE
	EndGlobalSection
	GlobalSection(ExtensibilityGlobals) = postSolution
		SolutionGuid = {FA6A9E06-729E-415C-98A0-EC7C781D1D7F}
	EndGlobalSection
EndGlobal
